
Microsoft Visual Studio Solution File, Format Version 12.00
# Visual Studio 14
VisualStudioVersion = 14.0.25123.0
MinimumVisualStudioVersion = 10.0.40219.1
Project("{FAE04EC0-301F-11D3-BF4B-00C04F79EFBC}") = "CsImageScraper", "CsImageScraper\CsImageScraper.csproj", "{4C9D2D97-3797-47A9-A56C-46ABE86B5D51}"
EndProject
Global
	GlobalSection(SolutionConfigurationPlatforms) = preSolution
		Debug|Any CPU = Debug|Any CPU
		Release|Any CPU = Release|Any CPU
	EndGlobalSection
	GlobalSection(ProjectConfigurationPlatforms) = postSolution
		{4C9D2D97-3797-47A9-A56C-46ABE86B5D51}.Debug|Any CPU.ActiveCfg = Debug|Any CPU
		{4C9D2D97-3797-47A9-A56C-46ABE86B5D51}.Debug|Any CPU.Build.0 = Debug|Any CPU
		{4C9D2D97-3797-47A9-A56C-46ABE86B5D51}.Release|Any CPU.ActiveCfg = Release|Any CPU
		{4C9D2D97-3797-47A9-A56C-46ABE86B5D51}.Release|Any CPU.Build.0 = Release|Any CPU
	EndGlobalSection
	GlobalSection(SolutionProperties) = preSolution
		HideSolutionNode = FALSE
	EndGlobalSection
EndGlobal
